
Microsoft Visual Studio Solution File, Format Version 12.00
# Visual Studio 15
VisualStudioVersion = 15.0.27703.2047
MinimumVisualStudioVersion = 10.0.40219.1
Project("{FAE04EC0-301F-11D3-BF4B-00C04F79EFBC}") = "DapperDal", "DapperDal\DapperDal.csproj", "{CA4ED7F3-22BF-4D29-986A-1A1CC89660D5}"
EndProject
Global
	GlobalSection(SolutionConfigurationPlatforms) = preSolution
		Debug|Any CPU = Debug|Any CPU
		Release|Any CPU = Release|Any CPU
	EndGlobalSection
	GlobalSection(ProjectConfigurationPlatforms) = postSolution
		{CA4ED7F3-22BF-4D29-986A-1A1CC89660D5}.Debug|Any CPU.ActiveCfg = Debug|Any CPU
		{CA4ED7F3-22BF-4D29-986A-1A1CC89660D5}.Debug|Any CPU.Build.0 = Debug|Any CPU
		{CA4ED7F3-22BF-4D29-986A-1A1CC89660D5}.Release|Any CPU.ActiveCfg = Release|Any CPU
		{CA4ED7F3-22BF-4D29-986A-1A1CC89660D5}.Release|Any CPU.Build.0 = Release|Any CPU
	EndGlobalSection
	GlobalSection(SolutionProperties) = preSolution
		HideSolutionNode = FALSE
	EndGlobalSection
	GlobalSection(ExtensibilityGlobals) = postSolution
		SolutionGuid = {35473895-2AE4-4321-AF38-CB2683DDD2AB}
	EndGlobalSection
EndGlobal
